
Microsoft Visual Studio Solution File, Format Version 12.00
# Visual Studio Version 17
VisualStudioVersion = 17.1.32421.90
MinimumVisualStudioVersion = 10.0.40219.1
Project("{FAE04EC0-301F-11D3-BF4B-00C04F79EFBC}") = "FlexibleTranslocator", "FlexibleTranslocator.csproj", "{DC495014-3452-45EE-B927-B788C5BA16E8}"
EndProject
Global
	GlobalSection(SolutionConfigurationPlatforms) = preSolution
		Debug|Any CPU = Debug|Any CPU
		Release|Any CPU = Release|Any CPU
	EndGlobalSection
	GlobalSection(ProjectConfigurationPlatforms) = postSolution
		{DC495014-3452-45EE-B927-B788C5BA16E8}.Debug|Any CPU.ActiveCfg = Debug|Any CPU
		{DC495014-3452-45EE-B927-B788C5BA16E8}.Debug|Any CPU.Build.0 = Debug|Any CPU
		{DC495014-3452-45EE-B927-B788C5BA16E8}.Release|Any CPU.ActiveCfg = Release|Any CPU
		{DC495014-3452-45EE-B927-B788C5BA16E8}.Release|Any CPU.Build.0 = Release|Any CPU
	EndGlobalSection
	GlobalSection(SolutionProperties) = preSolution
		HideSolutionNode = FALSE
	EndGlobalSection
	GlobalSection(ExtensibilityGlobals) = postSolution
		SolutionGuid = {EB25EDDB-D4AD-4412-94BA-AD84D2972EB6}
	EndGlobalSection
EndGlobal
